
Microsoft Visual Studio Solution File, Format Version 12.00
# Visual Studio Version 16
VisualStudioVersion = 16.0.32930.78
MinimumVisualStudioVersion = 10.0.40219.1
Project("{FAE04EC0-301F-11D3-BF4B-00C04F79EFBC}") = "Assignment", "Assignment\Assignment.csproj", "{62F4D920-DEE7-40AC-922B-91C97CEFFD3D}"
EndProject
Global
	GlobalSection(SolutionConfigurationPlatforms) = preSolution
		Debug|Any CPU = Debug|Any CPU
		Release|Any CPU = Release|Any CPU
	EndGlobalSection
	GlobalSection(ProjectConfigurationPlatforms) = postSolution
		{62F4D920-DEE7-40AC-922B-91C97CEFFD3D}.Debug|Any CPU.ActiveCfg = Debug|Any CPU
		{62F4D920-DEE7-40AC-922B-91C97CEFFD3D}.Debug|Any CPU.Build.0 = Debug|Any CPU
		{62F4D920-DEE7-40AC-922B-91C97CEFFD3D}.Release|Any CPU.ActiveCfg = Release|Any CPU
		{62F4D920-DEE7-40AC-922B-91C97CEFFD3D}.Release|Any CPU.Build.0 = Release|Any CPU
	EndGlobalSection
	GlobalSection(SolutionProperties) = preSolution
		HideSolutionNode = FALSE
	EndGlobalSection
	GlobalSection(ExtensibilityGlobals) = postSolution
		SolutionGuid = {581E2EE4-135A-47BE-BCB1-FD4CC90B26D9}
	EndGlobalSection
EndGlobal
